
Microsoft Visual Studio Solution File, Format Version 12.00
# Visual Studio 15
VisualStudioVersion = 15.0.28307.168
MinimumVisualStudioVersion = 10.0.40219.1
Project("{9A19103F-16F7-4668-BE54-9A1E7A4F7556}") = "NoticeBoard", "NoticeBoard\NoticeBoard.csproj", "{6E483803-7451-46FA-8101-62B5FEECB966}"
EndProject
Project("{FAE04EC0-301F-11D3-BF4B-00C04F79EFBC}") = "NoticeBoard.Core", "NoticeBoard.Core\NoticeBoard.Core.csproj", "{4EFD6827-BF3E-4059-AC48-E9EBE8DE1AFE}"
EndProject
Project("{FAE04EC0-301F-11D3-BF4B-00C04F79EFBC}") = "NoticeBoard.Data", "NoticeBoard.Data\NoticeBoard.Data.csproj", "{2B9F4493-9243-4B26-ACE2-3389557CC50D}"
EndProject
Global
	GlobalSection(SolutionConfigurationPlatforms) = preSolution
		Debug|Any CPU = Debug|Any CPU
		Release|Any CPU = Release|Any CPU
	EndGlobalSection
	GlobalSection(ProjectConfigurationPlatforms) = postSolution
		{6E483803-7451-46FA-8101-62B5FEECB966}.Debug|Any CPU.ActiveCfg = Debug|Any CPU
		{6E483803-7451-46FA-8101-62B5FEECB966}.Debug|Any CPU.Build.0 = Debug|Any CPU
		{6E483803-7451-46FA-8101-62B5FEECB966}.Release|Any CPU.ActiveCfg = Release|Any CPU
		{6E483803-7451-46FA-8101-62B5FEECB966}.Release|Any CPU.Build.0 = Release|Any CPU
		{4EFD6827-BF3E-4059-AC48-E9EBE8DE1AFE}.Debug|Any CPU.ActiveCfg = Debug|Any CPU
		{4EFD6827-BF3E-4059-AC48-E9EBE8DE1AFE}.Debug|Any CPU.Build.0 = Debug|Any CPU
		{4EFD6827-BF3E-4059-AC48-E9EBE8DE1AFE}.Release|Any CPU.ActiveCfg = Release|Any CPU
		{4EFD6827-BF3E-4059-AC48-E9EBE8DE1AFE}.Release|Any CPU.Build.0 = Release|Any CPU
		{2B9F4493-9243-4B26-ACE2-3389557CC50D}.Debug|Any CPU.ActiveCfg = Debug|Any CPU
		{2B9F4493-9243-4B26-ACE2-3389557CC50D}.Debug|Any CPU.Build.0 = Debug|Any CPU
		{2B9F4493-9243-4B26-ACE2-3389557CC50D}.Release|Any CPU.ActiveCfg = Release|Any CPU
		{2B9F4493-9243-4B26-ACE2-3389557CC50D}.Release|Any CPU.Build.0 = Release|Any CPU
	EndGlobalSection
	GlobalSection(SolutionProperties) = preSolution
		HideSolutionNode = FALSE
	EndGlobalSection
	GlobalSection(ExtensibilityGlobals) = postSolution
		SolutionGuid = {4B39F9D2-36C5-40F0-992E-C76859A4BA1D}
	EndGlobalSection
EndGlobal
